{
  "name": "defender-game",
  "version": "1.0.0",
  "lockfileVersion": 2,
  "requires": true,
  "packages": {
    "": {
      "name": "defender-game",
      "version": "1.0.0",
      "license": "ISC",
      "dependencies": {
        "core-js": "^3.22.2"
      },
      "devDependencies": {}
    },
    "node_modules/core-js": {
      "version": "3.22.2",
      "resolved": "https://registry.npmjs.org/core-js/-/core-js-3.22.2.tgz",
      "integrity": "sha512-Z5I2vzDnEIqO2YhELVMFcL1An2CIsFe9Q7byZhs8c/QxummxZlAHw33TUHbIte987LkisOgL0LwQ1P9D6VISnA==",
      "hasInstallScript": true,
      "funding": {
        "type": "opencollective",
        "url": "https://opencollective.com/core-js"
      }
    }
  },
  "dependencies": {
    "core-js": {
      "version": "3.22.2",
      "resolved": "https://registry.npmjs.org/core-js/-/core-js-3.22.2.tgz",
      "integrity": "sha512-Z5I2vzDnEIqO2YhELVMFcL1An2CIsFe9Q7byZhs8c/QxummxZlAHw33TUHbIte987LkisOgL0LwQ1P9D6VISnA=="
    }
  }
}
